
Microsoft Visual Studio Solution File, Format Version 12.00
# Visual Studio 15
VisualStudioVersion = 15.0.28307.539
MinimumVisualStudioVersion = 10.0.40219.1
Project("{FAE04EC0-301F-11D3-BF4B-00C04F79EFBC}") = "WebApp", "WebApp\WebApp.csproj", "{AD2F9443-136D-4B87-871B-185322DB3DA3}"
EndProject
Project("{FAE04EC0-301F-11D3-BF4B-00C04F79EFBC}") = "WebApp.Tests", "WebApp.Tests\WebApp.Tests.csproj", "{47998A5E-E789-481D-B66F-D5CFC097C4F2}"
EndProject
Global
	GlobalSection(SolutionConfigurationPlatforms) = preSolution
		Debug|Any CPU = Debug|Any CPU
		Release|Any CPU = Release|Any CPU
	EndGlobalSection
	GlobalSection(ProjectConfigurationPlatforms) = postSolution
		{AD2F9443-136D-4B87-871B-185322DB3DA3}.Debug|Any CPU.ActiveCfg = Debug|Any CPU
		{AD2F9443-136D-4B87-871B-185322DB3DA3}.Debug|Any CPU.Build.0 = Debug|Any CPU
		{AD2F9443-136D-4B87-871B-185322DB3DA3}.Release|Any CPU.ActiveCfg = Release|Any CPU
		{AD2F9443-136D-4B87-871B-185322DB3DA3}.Release|Any CPU.Build.0 = Release|Any CPU
		{47998A5E-E789-481D-B66F-D5CFC097C4F2}.Debug|Any CPU.ActiveCfg = Debug|Any CPU
		{47998A5E-E789-481D-B66F-D5CFC097C4F2}.Debug|Any CPU.Build.0 = Debug|Any CPU
		{47998A5E-E789-481D-B66F-D5CFC097C4F2}.Release|Any CPU.ActiveCfg = Release|Any CPU
		{47998A5E-E789-481D-B66F-D5CFC097C4F2}.Release|Any CPU.Build.0 = Release|Any CPU
	EndGlobalSection
	GlobalSection(SolutionProperties) = preSolution
		HideSolutionNode = FALSE
	EndGlobalSection
	GlobalSection(ExtensibilityGlobals) = postSolution
		SolutionGuid = {0193BDEC-597D-40F1-8D87-EB5FCBD54AC9}
	EndGlobalSection
EndGlobal
